
Microsoft Visual Studio Solution File, Format Version 12.00
# Visual Studio Version 17
VisualStudioVersion = 17.2.32505.173
MinimumVisualStudioVersion = 10.0.40219.1
Project("{FAE04EC0-301F-11D3-BF4B-00C04F79EFBC}") = "bassa_InfoTest", "bassa_InfoTest\bassa_InfoTest.csproj", "{5F15E22E-BEA0-4A04-97DD-6F67D85C13D6}"
EndProject
Global
	GlobalSection(SolutionConfigurationPlatforms) = preSolution
		Debug|Any CPU = Debug|Any CPU
		Release|Any CPU = Release|Any CPU
	EndGlobalSection
	GlobalSection(ProjectConfigurationPlatforms) = postSolution
		{5F15E22E-BEA0-4A04-97DD-6F67D85C13D6}.Debug|Any CPU.ActiveCfg = Debug|Any CPU
		{5F15E22E-BEA0-4A04-97DD-6F67D85C13D6}.Debug|Any CPU.Build.0 = Debug|Any CPU
		{5F15E22E-BEA0-4A04-97DD-6F67D85C13D6}.Release|Any CPU.ActiveCfg = Release|Any CPU
		{5F15E22E-BEA0-4A04-97DD-6F67D85C13D6}.Release|Any CPU.Build.0 = Release|Any CPU
	EndGlobalSection
	GlobalSection(SolutionProperties) = preSolution
		HideSolutionNode = FALSE
	EndGlobalSection
	GlobalSection(ExtensibilityGlobals) = postSolution
		SolutionGuid = {10FC12D3-68F4-4D09-BD96-3399B80B0A9A}
	EndGlobalSection
EndGlobal
